
Microsoft Visual Studio Solution File, Format Version 12.00
# Visual Studio Version 16
VisualStudioVersion = 16.0.30517.126
MinimumVisualStudioVersion = 10.0.40219.1
Project("{FAE04EC0-301F-11D3-BF4B-00C04F79EFBC}") = "MyShop.Core", "MyShop.Core\MyShop.Core.csproj", "{148179ED-E4C4-4C75-8617-862E1151BF1C}"
EndProject
Project("{FAE04EC0-301F-11D3-BF4B-00C04F79EFBC}") = "MyShop.Services", "MyShop.Services\MyShop.Services.csproj", "{D59D3576-F805-4353-BA01-0327FC16F9F0}"
EndProject
Project("{FAE04EC0-301F-11D3-BF4B-00C04F79EFBC}") = "MyShop.DataAccess.SQL", "MyShop.DataAccess.SQL\MyShop.DataAccess.SQL.csproj", "{9D54A465-CD9F-484F-9B59-129D49165915}"
EndProject
Project("{FAE04EC0-301F-11D3-BF4B-00C04F79EFBC}") = "MyShop.DataAccess.InMemory", "MyShop.DataAccess.InMemory\MyShop.DataAccess.InMemory.csproj", "{22E44423-3959-4F76-8389-35226F0464DB}"
EndProject
Project("{FAE04EC0-301F-11D3-BF4B-00C04F79EFBC}") = "MyShop.WebUI", "MyShop.WebUI\MyShop.WebUI.csproj", "{F49791C6-18F7-442C-8734-6AA9A2A0AE47}"
EndProject
Project("{FAE04EC0-301F-11D3-BF4B-00C04F79EFBC}") = "MyShop.WebUI.Tests", "MyShop.WebUI.Tests\MyShop.WebUI.Tests.csproj", "{9ADA11DF-116E-4C20-903A-1F5C70646947}"
EndProject
Global
	GlobalSection(SolutionConfigurationPlatforms) = preSolution
		Debug|Any CPU = Debug|Any CPU
		Release|Any CPU = Release|Any CPU
	EndGlobalSection
	GlobalSection(ProjectConfigurationPlatforms) = postSolution
		{148179ED-E4C4-4C75-8617-862E1151BF1C}.Debug|Any CPU.ActiveCfg = Debug|Any CPU
		{148179ED-E4C4-4C75-8617-862E1151BF1C}.Debug|Any CPU.Build.0 = Debug|Any CPU
		{148179ED-E4C4-4C75-8617-862E1151BF1C}.Release|Any CPU.ActiveCfg = Release|Any CPU
		{148179ED-E4C4-4C75-8617-862E1151BF1C}.Release|Any CPU.Build.0 = Release|Any CPU
		{D59D3576-F805-4353-BA01-0327FC16F9F0}.Debug|Any CPU.ActiveCfg = Debug|Any CPU
		{D59D3576-F805-4353-BA01-0327FC16F9F0}.Debug|Any CPU.Build.0 = Debug|Any CPU
		{D59D3576-F805-4353-BA01-0327FC16F9F0}.Release|Any CPU.ActiveCfg = Release|Any CPU
		{D59D3576-F805-4353-BA01-0327FC16F9F0}.Release|Any CPU.Build.0 = Release|Any CPU
		{9D54A465-CD9F-484F-9B59-129D49165915}.Debug|Any CPU.ActiveCfg = Debug|Any CPU
		{9D54A465-CD9F-484F-9B59-129D49165915}.Debug|Any CPU.Build.0 = Debug|Any CPU
		{9D54A465-CD9F-484F-9B59-129D49165915}.Release|Any CPU.ActiveCfg = Release|Any CPU
		{9D54A465-CD9F-484F-9B59-129D49165915}.Release|Any CPU.Build.0 = Release|Any CPU
		{22E44423-3959-4F76-8389-35226F0464DB}.Debug|Any CPU.ActiveCfg = Debug|Any CPU
		{22E44423-3959-4F76-8389-35226F0464DB}.Debug|Any CPU.Build.0 = Debug|Any CPU
		{22E44423-3959-4F76-8389-35226F0464DB}.Release|Any CPU.ActiveCfg = Release|Any CPU
		{22E44423-3959-4F76-8389-35226F0464DB}.Release|Any CPU.Build.0 = Release|Any CPU
		{F49791C6-18F7-442C-8734-6AA9A2A0AE47}.Debug|Any CPU.ActiveCfg = Debug|Any CPU
		{F49791C6-18F7-442C-8734-6AA9A2A0AE47}.Debug|Any CPU.Build.0 = Debug|Any CPU
		{F49791C6-18F7-442C-8734-6AA9A2A0AE47}.Release|Any CPU.ActiveCfg = Release|Any CPU
		{F49791C6-18F7-442C-8734-6AA9A2A0AE47}.Release|Any CPU.Build.0 = Release|Any CPU
		{9ADA11DF-116E-4C20-903A-1F5C70646947}.Debug|Any CPU.ActiveCfg = Debug|Any CPU
		{9ADA11DF-116E-4C20-903A-1F5C70646947}.Debug|Any CPU.Build.0 = Debug|Any CPU
		{9ADA11DF-116E-4C20-903A-1F5C70646947}.Release|Any CPU.ActiveCfg = Release|Any CPU
		{9ADA11DF-116E-4C20-903A-1F5C70646947}.Release|Any CPU.Build.0 = Release|Any CPU
	EndGlobalSection
	GlobalSection(SolutionProperties) = preSolution
		HideSolutionNode = FALSE
	EndGlobalSection
	GlobalSection(ExtensibilityGlobals) = postSolution
		SolutionGuid = {00D95AE8-D00C-493D-A24F-1143D1F1779A}
	EndGlobalSection
EndGlobal
